// !$*UTF8*$!
{
	archiveVersion = 1;
	classes = {
	};
	objectVersion = 77;
	objects = {

/* Begin PBXBuildFile section */
		C0A3000D2FBC80000000000D /* GRDB in Frameworks */ = {isa = PBXBuildFile; productRef = C0A3000C2FBC80000000000C /* GRDB */; };
		C0A300102FBC800000000010 /* GRDB in Frameworks */ = {isa = PBXBuildFile; productRef = C0A3000F2FBC80000000000F /* GRDB */; };
		C0A500012FBE000000000001 /* KeyboardShortcuts in Frameworks */ = {isa = PBXBuildFile; productRef = C0A500032FBE000000000003 /* KeyboardShortcuts */; };
		C0A500022FBE000000000002 /* KeyboardShortcuts in Frameworks */ = {isa = PBXBuildFile; productRef = C0A500042FBE000000000004 /* KeyboardShortcuts */; };
		C0A400012FBD000000000001 /* ZIPFoundation in Frameworks */ = {isa = PBXBuildFile; productRef = C0A400052FBD000000000005 /* ZIPFoundation */; };
		C0A400022FBD000000000002 /* SwiftSoup in Frameworks */ = {isa = PBXBuildFile; productRef = C0A400062FBD000000000006 /* SwiftSoup */; };
		C0A400032FBD000000000003 /* ZIPFoundation in Frameworks */ = {isa = PBXBuildFile; productRef = C0A400072FBD000000000007 /* ZIPFoundation */; };
		C0A400042FBD000000000004 /* SwiftSoup in Frameworks */ = {isa = PBXBuildFile; productRef = C0A400082FBD000000000008 /* SwiftSoup */; };
/* End PBXBuildFile section */

/* Begin PBXContainerItemProxy section */
		C0A300072FBC800000000007 /* PBXContainerItemProxy */ = {
			isa = PBXContainerItemProxy;
			containerPortal = BD8BAA832FBC4A14000A66A1 /* Project object */;
			proxyType = 1;
			remoteGlobalIDString = BD8BAA8A2FBC4A14000A66A1;
			remoteInfo = lexi;
		};
/* End PBXContainerItemProxy section */

/* Begin PBXFileReference section */
		BD8BAA8B2FBC4A14000A66A1 /* lexi.app */ = {isa = PBXFileReference; explicitFileType = wrapper.application; includeInIndex = 0; path = lexi.app; sourceTree = BUILT_PRODUCTS_DIR; };
		C0A300012FBC800000000001 /* lexiTests.xctest */ = {isa = PBXFileReference; explicitFileType = wrapper.cfbundle; includeInIndex = 0; path = lexiTests.xctest; sourceTree = BUILT_PRODUCTS_DIR; };
/* End PBXFileReference section */

/* Begin PBXFileSystemSynchronizedBuildFileExceptionSet section */
		BD8BAAA02FBC6300000A66A1 /* Exceptions for "lexi" folder in "lexi" target */ = {
			isa = PBXFileSystemSynchronizedBuildFileExceptionSet;
			membershipExceptions = (
				"Sources/App/.gitkeep",
				"Sources/Data/.gitkeep",
				"Sources/EPUB/.gitkeep",
				"Sources/Engines/.gitkeep",
				"Sources/MenuBar/.gitkeep",
				"Sources/README.md",
				"Sources/Reader/.gitkeep",
				"Sources/UI/.gitkeep",
			);
			target = BD8BAA8A2FBC4A14000A66A1 /* lexi */;
		};
/* End PBXFileSystemSynchronizedBuildFileExceptionSet section */

/* Begin PBXFileSystemSynchronizedRootGroup section */
		BD8BAA8D2FBC4A14000A66A1 /* lexi */ = {
			isa = PBXFileSystemSynchronizedRootGroup;
			exceptions = (
				BD8BAAA02FBC6300000A66A1 /* Exceptions for "lexi" folder in "lexi" target */,
			);
			path = lexi;
			sourceTree = "<group>";
		};
		C0A300022FBC800000000002 /* lexiTests */ = {
			isa = PBXFileSystemSynchronizedRootGroup;
			path = lexiTests;
			sourceTree = "<group>";
		};
/* End PBXFileSystemSynchronizedRootGroup section */

/* Begin PBXFrameworksBuildPhase section */
		BD8BAA882FBC4A14000A66A1 /* Frameworks */ = {
			isa = PBXFrameworksBuildPhase;
			buildActionMask = 2147483647;
			files = (
				C0A3000D2FBC80000000000D /* GRDB in Frameworks */,
				C0A400012FBD000000000001 /* ZIPFoundation in Frameworks */,
				C0A400022FBD000000000002 /* SwiftSoup in Frameworks */,
				C0A500012FBE000000000001 /* KeyboardShortcuts in Frameworks */,
			);
			runOnlyForDeploymentPostprocessing = 0;
		};
		C0A300032FBC800000000003 /* Frameworks */ = {
			isa = PBXFrameworksBuildPhase;
			buildActionMask = 2147483647;
			files = (
				C0A300102FBC800000000010 /* GRDB in Frameworks */,
				C0A400032FBD000000000003 /* ZIPFoundation in Frameworks */,
				C0A400042FBD000000000004 /* SwiftSoup in Frameworks */,
				C0A500022FBE000000000002 /* KeyboardShortcuts in Frameworks */,
			);
			runOnlyForDeploymentPostprocessing = 0;
		};
/* End PBXFrameworksBuildPhase section */

/* Begin PBXGroup section */
		BD8BAA822FBC4A14000A66A1 = {
			isa = PBXGroup;
			children = (
				BD8BAA8D2FBC4A14000A66A1 /* lexi */,
				C0A300022FBC800000000002 /* lexiTests */,
				BD8BAA8C2FBC4A14000A66A1 /* Products */,
			);
			sourceTree = "<group>";
		};
		BD8BAA8C2FBC4A14000A66A1 /* Products */ = {
			isa = PBXGroup;
			children = (
				BD8BAA8B2FBC4A14000A66A1 /* lexi.app */,
				C0A300012FBC800000000001 /* lexiTests.xctest */,
			);
			name = Products;
			sourceTree = "<group>";
		};
/* End PBXGroup section */

/* Begin PBXNativeTarget section */
		BD8BAA8A2FBC4A14000A66A1 /* lexi */ = {
			isa = PBXNativeTarget;
			buildConfigurationList = BD8BAA9B2FBC4A15000A66A1 /* Build configuration list for PBXNativeTarget "lexi" */;
			buildPhases = (
				BD8BAA872FBC4A14000A66A1 /* Sources */,
				BD8BAA882FBC4A14000A66A1 /* Frameworks */,
				BD8BAA892FBC4A14000A66A1 /* Resources */,
			);
			buildRules = (
			);
			dependencies = (
			);
			fileSystemSynchronizedGroups = (
				BD8BAA8D2FBC4A14000A66A1 /* lexi */,
			);
			name = lexi;
			packageProductDependencies = (
				C0A3000C2FBC80000000000C /* GRDB */,
				C0A400052FBD000000000005 /* ZIPFoundation */,
				C0A400062FBD000000000006 /* SwiftSoup */,
				C0A500032FBE000000000003 /* KeyboardShortcuts */,
			);
			productName = lexi;
			productReference = BD8BAA8B2FBC4A14000A66A1 /* lexi.app */;
			productType = "com.apple.product-type.application";
		};
		C0A300062FBC800000000006 /* lexiTests */ = {
			isa = PBXNativeTarget;
			buildConfigurationList = C0A3000B2FBC80000000000B /* Build configuration list for PBXNativeTarget "lexiTests" */;
			buildPhases = (
				C0A300052FBC800000000005 /* Sources */,
				C0A300032FBC800000000003 /* Frameworks */,
				C0A300042FBC800000000004 /* Resources */,
			);
			buildRules = (
			);
			dependencies = (
				C0A300082FBC800000000008 /* PBXTargetDependency */,
			);
			fileSystemSynchronizedGroups = (
				C0A300022FBC800000000002 /* lexiTests */,
			);
			name = lexiTests;
			packageProductDependencies = (
				C0A3000F2FBC80000000000F /* GRDB */,
				C0A400072FBD000000000007 /* ZIPFoundation */,
				C0A400082FBD000000000008 /* SwiftSoup */,
				C0A500042FBE000000000004 /* KeyboardShortcuts */,
			);
			productName = lexiTests;
			productReference = C0A300012FBC800000000001 /* lexiTests.xctest */;
			productType = "com.apple.product-type.bundle.unit-test";
		};
/* End PBXNativeTarget section */

/* Begin PBXProject section */
		BD8BAA832FBC4A14000A66A1 /* Project object */ = {
			isa = PBXProject;
			attributes = {
				BuildIndependentTargetsInParallel = 1;
				LastSwiftUpdateCheck = 2650;
				LastUpgradeCheck = 2650;
				TargetAttributes = {
					BD8BAA8A2FBC4A14000A66A1 = {
						CreatedOnToolsVersion = 26.5;
					};
					C0A300062FBC800000000006 = {
						CreatedOnToolsVersion = 26.5;
						TestTargetID = BD8BAA8A2FBC4A14000A66A1;
					};
				};
			};
			buildConfigurationList = BD8BAA862FBC4A14000A66A1 /* Build configuration list for PBXProject "lexi" */;
			developmentRegion = en;
			hasScannedForEncodings = 0;
			knownRegions = (
				en,
				Base,
			);
			mainGroup = BD8BAA822FBC4A14000A66A1;
			minimizedProjectReferenceProxies = 1;
			packageReferences = (
				C0A3000E2FBC80000000000E /* XCRemoteSwiftPackageReference "GRDB.swift" */,
				C0A400092FBD000000000009 /* XCRemoteSwiftPackageReference "ZIPFoundation" */,
				C0A4000A2FBD00000000000A /* XCRemoteSwiftPackageReference "SwiftSoup" */,
				C0A500052FBE000000000005 /* XCRemoteSwiftPackageReference "KeyboardShortcuts" */,
			);
			preferredProjectObjectVersion = 77;
			productRefGroup = BD8BAA8C2FBC4A14000A66A1 /* Products */;
			projectDirPath = "";
			projectRoot = "";
			targets = (
				BD8BAA8A2FBC4A14000A66A1 /* lexi */,
				C0A300062FBC800000000006 /* lexiTests */,
			);
		};
/* End PBXProject section */

/* Begin PBXResourcesBuildPhase section */
		BD8BAA892FBC4A14000A66A1 /* Resources */ = {
			isa = PBXResourcesBuildPhase;
			buildActionMask = 2147483647;
			files = (
			);
			runOnlyForDeploymentPostprocessing = 0;
		};
		C0A300042FBC800000000004 /* Resources */ = {
			isa = PBXResourcesBuildPhase;
			buildActionMask = 2147483647;
			files = (
			);
			runOnlyForDeploymentPostprocessing = 0;
		};
/* End PBXResourcesBuildPhase section */

/* Begin PBXSourcesBuildPhase section */
		BD8BAA872FBC4A14000A66A1 /* Sources */ = {
			isa = PBXSourcesBuildPhase;
			buildActionMask = 2147483647;
			files = (
			);
			runOnlyForDeploymentPostprocessing = 0;
		};
		C0A300052FBC800000000005 /* Sources */ = {
			isa = PBXSourcesBuildPhase;
			buildActionMask = 2147483647;
			files = (
			);
			runOnlyForDeploymentPostprocessing = 0;
		};
/* End PBXSourcesBuildPhase section */

/* Begin PBXTargetDependency section */
		C0A300082FBC800000000008 /* PBXTargetDependency */ = {
			isa = PBXTargetDependency;
			target = BD8BAA8A2FBC4A14000A66A1 /* lexi */;
			targetProxy = C0A300072FBC800000000007 /* PBXContainerItemProxy */;
		};
/* End PBXTargetDependency section */

/* Begin XCBuildConfiguration section */
		BD8BAA992FBC4A15000A66A1 /* Debug */ = {
			isa = XCBuildConfiguration;
			buildSettings = {
				ALWAYS_SEARCH_USER_PATHS = NO;
				ASSETCATALOG_COMPILER_GENERATE_SWIFT_ASSET_SYMBOL_EXTENSIONS = YES;
				CLANG_ANALYZER_NONNULL = YES;
				CLANG_ANALYZER_NUMBER_OBJECT_CONVERSION = YES_AGGRESSIVE;
				CLANG_CXX_LANGUAGE_STANDARD = "gnu++20";
				CLANG_ENABLE_MODULES = YES;
				CLANG_ENABLE_OBJC_ARC = YES;
				CLANG_ENABLE_OBJC_WEAK = YES;
				CLANG_WARN_BLOCK_CAPTURE_AUTORELEASING = YES;
				CLANG_WARN_BOOL_CONVERSION = YES;
				CLANG_WARN_COMMA = YES;
				CLANG_WARN_CONSTANT_CONVERSION = YES;
				CLANG_WARN_DEPRECATED_OBJC_IMPLEMENTATIONS = YES;
				CLANG_WARN_DIRECT_OBJC_ISA_USAGE = YES_ERROR;
				CLANG_WARN_DOCUMENTATION_COMMENTS = YES;
				CLANG_WARN_EMPTY_BODY = YES;
				CLANG_WARN_ENUM_CONVERSION = YES;
				CLANG_WARN_INFINITE_RECURSION = YES;
				CLANG_WARN_INT_CONVERSION = YES;
				CLANG_WARN_NON_LITERAL_NULL_CONVERSION = YES;
				CLANG_WARN_OBJC_IMPLICIT_RETAIN_SELF = YES;
				CLANG_WARN_OBJC_LITERAL_CONVERSION = YES;
				CLANG_WARN_OBJC_ROOT_CLASS = YES_ERROR;
				CLANG_WARN_QUOTED_INCLUDE_IN_FRAMEWORK_HEADER = YES;
				CLANG_WARN_RANGE_LOOP_ANALYSIS = YES;
				CLANG_WARN_STRICT_PROTOTYPES = YES;
				CLANG_WARN_SUSPICIOUS_MOVE = YES;
				CLANG_WARN_UNGUARDED_AVAILABILITY = YES_AGGRESSIVE;
				CLANG_WARN_UNREACHABLE_CODE = YES;
				CLANG_WARN__DUPLICATE_METHOD_MATCH = YES;
				COPY_PHASE_STRIP = NO;
				DEBUG_INFORMATION_FORMAT = dwarf;
				DEVELOPMENT_TEAM = P3X5CXXARL;
				ENABLE_STRICT_OBJC_MSGSEND = YES;
				ENABLE_TESTABILITY = YES;
				ENABLE_USER_SCRIPT_SANDBOXING = YES;
				GCC_C_LANGUAGE_STANDARD = gnu17;
				GCC_DYNAMIC_NO_PIC = NO;
				GCC_NO_COMMON_BLOCKS = YES;
				GCC_OPTIMIZATION_LEVEL = 0;
				GCC_PREPROCESSOR_DEFINITIONS = (
					"DEBUG=1",
					"$(inherited)",
				);
				GCC_WARN_64_TO_32_BIT_CONVERSION = YES;
				GCC_WARN_ABOUT_RETURN_TYPE = YES_ERROR;
				GCC_WARN_UNDECLARED_SELECTOR = YES;
				GCC_WARN_UNINITIALIZED_AUTOS = YES_AGGRESSIVE;
				GCC_WARN_UNUSED_FUNCTION = YES;
				GCC_WARN_UNUSED_VARIABLE = YES;
				LOCALIZATION_PREFERS_STRING_CATALOGS = YES;
				MACOSX_DEPLOYMENT_TARGET = 26.4;
				MTL_ENABLE_DEBUG_INFO = INCLUDE_SOURCE;
				MTL_FAST_MATH = YES;
				ONLY_ACTIVE_ARCH = YES;
				SDKROOT = macosx;
				SWIFT_ACTIVE_COMPILATION_CONDITIONS = "DEBUG $(inherited)";
				SWIFT_OPTIMIZATION_LEVEL = "-Onone";
			};
			name = Debug;
		};
		BD8BAA9A2FBC4A15000A66A1 /* Release */ = {
			isa = XCBuildConfiguration;
			buildSettings = {
				ALWAYS_SEARCH_USER_PATHS = NO;
				ASSETCATALOG_COMPILER_GENERATE_SWIFT_ASSET_SYMBOL_EXTENSIONS = YES;
				CLANG_ANALYZER_NONNULL = YES;
				CLANG_ANALYZER_NUMBER_OBJECT_CONVERSION = YES_AGGRESSIVE;
				CLANG_CXX_LANGUAGE_STANDARD = "gnu++20";
				CLANG_ENABLE_MODULES = YES;
				CLANG_ENABLE_OBJC_ARC = YES;
				CLANG_ENABLE_OBJC_WEAK = YES;
				CLANG_WARN_BLOCK_CAPTURE_AUTORELEASING = YES;
				CLANG_WARN_BOOL_CONVERSION = YES;
				CLANG_WARN_COMMA = YES;
				CLANG_WARN_CONSTANT_CONVERSION = YES;
				CLANG_WARN_DEPRECATED_OBJC_IMPLEMENTATIONS = YES;
				CLANG_WARN_DIRECT_OBJC_ISA_USAGE = YES_ERROR;
				CLANG_WARN_DOCUMENTATION_COMMENTS = YES;
				CLANG_WARN_EMPTY_BODY = YES;
				CLANG_WARN_ENUM_CONVERSION = YES;
				CLANG_WARN_INFINITE_RECURSION = YES;
				CLANG_WARN_INT_CONVERSION = YES;
				CLANG_WARN_NON_LITERAL_NULL_CONVERSION = YES;
				CLANG_WARN_OBJC_IMPLICIT_RETAIN_SELF = YES;
				CLANG_WARN_OBJC_LITERAL_CONVERSION = YES;
				CLANG_WARN_OBJC_ROOT_CLASS = YES_ERROR;
				CLANG_WARN_QUOTED_INCLUDE_IN_FRAMEWORK_HEADER = YES;
				CLANG_WARN_RANGE_LOOP_ANALYSIS = YES;
				CLANG_WARN_STRICT_PROTOTYPES = YES;
				CLANG_WARN_SUSPICIOUS_MOVE = YES;
				CLANG_WARN_UNGUARDED_AVAILABILITY = YES_AGGRESSIVE;
				CLANG_WARN_UNREACHABLE_CODE = YES;
				CLANG_WARN__DUPLICATE_METHOD_MATCH = YES;
				COPY_PHASE_STRIP = NO;
				DEBUG_INFORMATION_FORMAT = "dwarf-with-dsym";
				DEVELOPMENT_TEAM = P3X5CXXARL;
				ENABLE_NS_ASSERTIONS = NO;
				ENABLE_STRICT_OBJC_MSGSEND = YES;
				ENABLE_USER_SCRIPT_SANDBOXING = YES;
				GCC_C_LANGUAGE_STANDARD = gnu17;
				GCC_NO_COMMON_BLOCKS = YES;
				GCC_WARN_64_TO_32_BIT_CONVERSION = YES;
				GCC_WARN_ABOUT_RETURN_TYPE = YES_ERROR;
				GCC_WARN_UNDECLARED_SELECTOR = YES;
				GCC_WARN_UNINITIALIZED_AUTOS = YES_AGGRESSIVE;
				GCC_WARN_UNUSED_FUNCTION = YES;
				GCC_WARN_UNUSED_VARIABLE = YES;
				LOCALIZATION_PREFERS_STRING_CATALOGS = YES;
				MACOSX_DEPLOYMENT_TARGET = 26.4;
				MTL_ENABLE_DEBUG_INFO = NO;
				MTL_FAST_MATH = YES;
				SDKROOT = macosx;
				SWIFT_COMPILATION_MODE = wholemodule;
			};
			name = Release;
		};
		BD8BAA9C2FBC4A15000A66A1 /* Debug */ = {
			isa = XCBuildConfiguration;
			buildSettings = {
				ASSETCATALOG_COMPILER_APPICON_NAME = AppIcon;
				ASSETCATALOG_COMPILER_GLOBAL_ACCENT_COLOR_NAME = AccentColor;
				CODE_SIGN_STYLE = Automatic;
				COMBINE_HIDPI_IMAGES = YES;
				CURRENT_PROJECT_VERSION = 211;
				DEVELOPMENT_TEAM = P3X5CXXARL;
				ENABLE_APP_SANDBOX = YES;
				ENABLE_HARDENED_RUNTIME = YES;
				ENABLE_OUTGOING_NETWORK_CONNECTIONS = YES;
				ENABLE_PREVIEWS = YES;
				ENABLE_USER_SELECTED_FILES = readonly;
				GENERATE_INFOPLIST_FILE = YES;
				INFOPLIST_KEY_LSUIElement = NO;
				INFOPLIST_KEY_NSAccessibilityUsageDescription = "Lexi needs Accessibility permission to read and replace selected text for global translation shortcuts.";
				INFOPLIST_KEY_NSHumanReadableCopyright = "";
				LD_RUNPATH_SEARCH_PATHS = (
					"$(inherited)",
					"@executable_path/../Frameworks",
				);
				MARKETING_VERSION = 2.1.1;
				PRODUCT_BUNDLE_IDENTIFIER = com.langya.lexi;
				PRODUCT_NAME = "$(TARGET_NAME)";
				REGISTER_APP_GROUPS = YES;
				STRING_CATALOG_GENERATE_SYMBOLS = YES;
				SWIFT_APPROACHABLE_CONCURRENCY = YES;
				SWIFT_DEFAULT_ACTOR_ISOLATION = MainActor;
				SWIFT_EMIT_LOC_STRINGS = YES;
				SWIFT_UPCOMING_FEATURE_MEMBER_IMPORT_VISIBILITY = YES;
				SWIFT_VERSION = 5.0;
			};
			name = Debug;
		};
		BD8BAA9D2FBC4A15000A66A1 /* Release */ = {
			isa = XCBuildConfiguration;
			buildSettings = {
				ASSETCATALOG_COMPILER_APPICON_NAME = AppIcon;
				ASSETCATALOG_COMPILER_GLOBAL_ACCENT_COLOR_NAME = AccentColor;
				CODE_SIGN_STYLE = Automatic;
				COMBINE_HIDPI_IMAGES = YES;
				CURRENT_PROJECT_VERSION = 211;
				DEVELOPMENT_TEAM = P3X5CXXARL;
				ENABLE_APP_SANDBOX = YES;
				ENABLE_HARDENED_RUNTIME = YES;
				ENABLE_OUTGOING_NETWORK_CONNECTIONS = YES;
				ENABLE_PREVIEWS = YES;
				ENABLE_USER_SELECTED_FILES = readonly;
				GENERATE_INFOPLIST_FILE = YES;
				INFOPLIST_KEY_LSUIElement = NO;
				INFOPLIST_KEY_NSAccessibilityUsageDescription = "Lexi needs Accessibility permission to read and replace selected text for global translation shortcuts.";
				INFOPLIST_KEY_NSHumanReadableCopyright = "";
				LD_RUNPATH_SEARCH_PATHS = (
					"$(inherited)",
					"@executable_path/../Frameworks",
				);
				MARKETING_VERSION = 2.1.1;
				PRODUCT_BUNDLE_IDENTIFIER = com.langya.lexi;
				PRODUCT_NAME = "$(TARGET_NAME)";
				REGISTER_APP_GROUPS = YES;
				STRING_CATALOG_GENERATE_SYMBOLS = YES;
				SWIFT_APPROACHABLE_CONCURRENCY = YES;
				SWIFT_DEFAULT_ACTOR_ISOLATION = MainActor;
				SWIFT_EMIT_LOC_STRINGS = YES;
				SWIFT_UPCOMING_FEATURE_MEMBER_IMPORT_VISIBILITY = YES;
				SWIFT_VERSION = 5.0;
			};
			name = Release;
		};
		C0A300092FBC800000000009 /* Debug */ = {
			isa = XCBuildConfiguration;
			buildSettings = {
				BUNDLE_LOADER = "$(TEST_HOST)";
				CODE_SIGN_STYLE = Automatic;
				CURRENT_PROJECT_VERSION = 211;
				DEVELOPMENT_TEAM = P3X5CXXARL;
				GENERATE_INFOPLIST_FILE = YES;
				LD_RUNPATH_SEARCH_PATHS = (
					"$(inherited)",
					"@executable_path/../Frameworks",
					"@loader_path/../Frameworks",
				);
				MACOSX_DEPLOYMENT_TARGET = 26.4;
				MARKETING_VERSION = 2.1.1;
				PRODUCT_BUNDLE_IDENTIFIER = com.langya.lexiTests;
				PRODUCT_NAME = "$(TARGET_NAME)";
				SKIP_INSTALL = YES;
				SWIFT_ACTIVE_COMPILATION_CONDITIONS = "DEBUG $(inherited)";
				SWIFT_DEFAULT_ACTOR_ISOLATION = MainActor;
				SWIFT_VERSION = 5.0;
				TEST_HOST = "$(BUILT_PRODUCTS_DIR)/lexi.app/$(BUNDLE_EXECUTABLE_FOLDER_PATH)/lexi";
			};
			name = Debug;
		};
		C0A3000A2FBC80000000000A /* Release */ = {
			isa = XCBuildConfiguration;
			buildSettings = {
				BUNDLE_LOADER = "$(TEST_HOST)";
				CODE_SIGN_STYLE = Automatic;
				CURRENT_PROJECT_VERSION = 211;
				DEVELOPMENT_TEAM = P3X5CXXARL;
				GENERATE_INFOPLIST_FILE = YES;
				LD_RUNPATH_SEARCH_PATHS = (
					"$(inherited)",
					"@executable_path/../Frameworks",
					"@loader_path/../Frameworks",
				);
				MACOSX_DEPLOYMENT_TARGET = 26.4;
				MARKETING_VERSION = 2.1.1;
				PRODUCT_BUNDLE_IDENTIFIER = com.langya.lexiTests;
				PRODUCT_NAME = "$(TARGET_NAME)";
				SKIP_INSTALL = YES;
				SWIFT_DEFAULT_ACTOR_ISOLATION = MainActor;
				SWIFT_VERSION = 5.0;
				TEST_HOST = "$(BUILT_PRODUCTS_DIR)/lexi.app/$(BUNDLE_EXECUTABLE_FOLDER_PATH)/lexi";
			};
			name = Release;
		};
/* End XCBuildConfiguration section */

/* Begin XCConfigurationList section */
		BD8BAA862FBC4A14000A66A1 /* Build configuration list for PBXProject "lexi" */ = {
			isa = XCConfigurationList;
			buildConfigurations = (
				BD8BAA992FBC4A15000A66A1 /* Debug */,
				BD8BAA9A2FBC4A15000A66A1 /* Release */,
			);
			defaultConfigurationIsVisible = 0;
			defaultConfigurationName = Release;
		};
		BD8BAA9B2FBC4A15000A66A1 /* Build configuration list for PBXNativeTarget "lexi" */ = {
			isa = XCConfigurationList;
			buildConfigurations = (
				BD8BAA9C2FBC4A15000A66A1 /* Debug */,
				BD8BAA9D2FBC4A15000A66A1 /* Release */,
			);
			defaultConfigurationIsVisible = 0;
			defaultConfigurationName = Release;
		};
		C0A3000B2FBC80000000000B /* Build configuration list for PBXNativeTarget "lexiTests" */ = {
			isa = XCConfigurationList;
			buildConfigurations = (
				C0A300092FBC800000000009 /* Debug */,
				C0A3000A2FBC80000000000A /* Release */,
			);
			defaultConfigurationIsVisible = 0;
			defaultConfigurationName = Release;
		};
/* End XCConfigurationList section */

/* Begin XCRemoteSwiftPackageReference section */
		C0A3000E2FBC80000000000E /* XCRemoteSwiftPackageReference "GRDB.swift" */ = {
			isa = XCRemoteSwiftPackageReference;
			repositoryURL = "https://github.com/groue/GRDB.swift";
			requirement = {
				kind = upToNextMajorVersion;
				minimumVersion = 6.0.0;
			};
		};
		C0A400092FBD000000000009 /* XCRemoteSwiftPackageReference "ZIPFoundation" */ = {
			isa = XCRemoteSwiftPackageReference;
			repositoryURL = "https://github.com/weichsel/ZIPFoundation";
			requirement = {
				kind = upToNextMajorVersion;
				minimumVersion = 0.9.19;
			};
		};
		C0A4000A2FBD00000000000A /* XCRemoteSwiftPackageReference "SwiftSoup" */ = {
			isa = XCRemoteSwiftPackageReference;
			repositoryURL = "https://github.com/scinfu/SwiftSoup";
			requirement = {
				kind = upToNextMajorVersion;
				minimumVersion = 2.0.0;
			};
		};
		C0A500052FBE000000000005 /* XCRemoteSwiftPackageReference "KeyboardShortcuts" */ = {
			isa = XCRemoteSwiftPackageReference;
			repositoryURL = "https://github.com/sindresorhus/KeyboardShortcuts";
			requirement = {
				kind = upToNextMajorVersion;
				minimumVersion = 1.9.4;
			};
		};
/* End XCRemoteSwiftPackageReference section */

/* Begin XCSwiftPackageProductDependency section */
		C0A3000C2FBC80000000000C /* GRDB */ = {
			isa = XCSwiftPackageProductDependency;
			package = C0A3000E2FBC80000000000E /* XCRemoteSwiftPackageReference "GRDB.swift" */;
			productName = GRDB;
		};
		C0A3000F2FBC80000000000F /* GRDB */ = {
			isa = XCSwiftPackageProductDependency;
			package = C0A3000E2FBC80000000000E /* XCRemoteSwiftPackageReference "GRDB.swift" */;
			productName = GRDB;
		};
		C0A400052FBD000000000005 /* ZIPFoundation */ = {
			isa = XCSwiftPackageProductDependency;
			package = C0A400092FBD000000000009 /* XCRemoteSwiftPackageReference "ZIPFoundation" */;
			productName = ZIPFoundation;
		};
		C0A400062FBD000000000006 /* SwiftSoup */ = {
			isa = XCSwiftPackageProductDependency;
			package = C0A4000A2FBD00000000000A /* XCRemoteSwiftPackageReference "SwiftSoup" */;
			productName = SwiftSoup;
		};
		C0A400072FBD000000000007 /* ZIPFoundation */ = {
			isa = XCSwiftPackageProductDependency;
			package = C0A400092FBD000000000009 /* XCRemoteSwiftPackageReference "ZIPFoundation" */;
			productName = ZIPFoundation;
		};
		C0A400082FBD000000000008 /* SwiftSoup */ = {
			isa = XCSwiftPackageProductDependency;
			package = C0A4000A2FBD00000000000A /* XCRemoteSwiftPackageReference "SwiftSoup" */;
			productName = SwiftSoup;
		};
		C0A500032FBE000000000003 /* KeyboardShortcuts */ = {
			isa = XCSwiftPackageProductDependency;
			package = C0A500052FBE000000000005 /* XCRemoteSwiftPackageReference "KeyboardShortcuts" */;
			productName = KeyboardShortcuts;
		};
		C0A500042FBE000000000004 /* KeyboardShortcuts */ = {
			isa = XCSwiftPackageProductDependency;
			package = C0A500052FBE000000000005 /* XCRemoteSwiftPackageReference "KeyboardShortcuts" */;
			productName = KeyboardShortcuts;
		};
/* End XCSwiftPackageProductDependency section */
		};
	rootObject = BD8BAA832FBC4A14000A66A1 /* Project object */;
}
